// !$*UTF8*$!
{
	archiveVersion = 1;
	classes = {
	};
	objectVersion = 46;
	objects = {

/* Begin PBXBuildFile section */
		705688221F1E1060000FD7B1 /* AppDelegate.swift in Sources */ = {isa = PBXBuildFile; fileRef = 705688211F1E1060000FD7B1 /* AppDelegate.swift */; };
		705688271F1E1060000FD7B1 /* Main.storyboard in Resources */ = {isa = PBXBuildFile; fileRef = 705688251F1E1060000FD7B1 /* Main.storyboard */; };
		705688291F1E1060000FD7B1 /* Assets.xcassets in Resources */ = {isa = PBXBuildFile; fileRef = 705688281F1E1060000FD7B1 /* Assets.xcassets */; };
		7056882C1F1E1060000FD7B1 /* LaunchScreen.storyboard in Resources */ = {isa = PBXBuildFile; fileRef = 7056882A1F1E1060000FD7B1 /* LaunchScreen.storyboard */; };
		705688341F1E16CC000FD7B1 /* TableViewCell.swift in Sources */ = {isa = PBXBuildFile; fileRef = 705688331F1E16CC000FD7B1 /* TableViewCell.swift */; };
		705688361F1E170B000FD7B1 /* ViewController.swift in Sources */ = {isa = PBXBuildFile; fileRef = 705688351F1E170B000FD7B1 /* ViewController.swift */; };
		70FC95601F20D0F400BE5474 /* HistoryViewController.swift in Sources */ = {isa = PBXBuildFile; fileRef = 70FC955F1F20D0F400BE5474 /* HistoryViewController.swift */; };
		70FC95621F20D13600BE5474 /* MostViewController.swift in Sources */ = {isa = PBXBuildFile; fileRef = 70FC95611F20D13600BE5474 /* MostViewController.swift */; };
		70FC95641F20D18100BE5474 /* HistoryTableViewCell.swift in Sources */ = {isa = PBXBuildFile; fileRef = 70FC95631F20D18100BE5474 /* HistoryTableViewCell.swift */; };
		70FC95661F20D1B900BE5474 /* MostTableViewCell.swift in Sources */ = {isa = PBXBuildFile; fileRef = 70FC95651F20D1B900BE5474 /* MostTableViewCell.swift */; };
/* End PBXBuildFile section */

/* Begin PBXFileReference section */
		7056881E1F1E1060000FD7B1 /* NewsApp.app */ = {isa = PBXFileReference; explicitFileType = wrapper.application; includeInIndex = 0; path = NewsApp.app; sourceTree = BUILT_PRODUCTS_DIR; };
		705688211F1E1060000FD7B1 /* AppDelegate.swift */ = {isa = PBXFileReference; lastKnownFileType = sourcecode.swift; path = AppDelegate.swift; sourceTree = "<group>"; };
		705688261F1E1060000FD7B1 /* Base */ = {isa = PBXFileReference; lastKnownFileType = file.storyboard; name = Base; path = Base.lproj/Main.storyboard; sourceTree = "<group>"; };
		705688281F1E1060000FD7B1 /* Assets.xcassets */ = {isa = PBXFileReference; lastKnownFileType = folder.assetcatalog; path = Assets.xcassets; sourceTree = "<group>"; };
		7056882B1F1E1060000FD7B1 /* Base */ = {isa = PBXFileReference; lastKnownFileType = file.storyboard; name = Base; path = Base.lproj/LaunchScreen.storyboard; sourceTree = "<group>"; };
		7056882D1F1E1060000FD7B1 /* Info.plist */ = {isa = PBXFileReference; lastKnownFileType = text.plist.xml; path = Info.plist; sourceTree = "<group>"; };
		705688331F1E16CC000FD7B1 /* TableViewCell.swift */ = {isa = PBXFileReference; fileEncoding = 4; lastKnownFileType = sourcecode.swift; name = TableViewCell.swift; path = ../TableViewCell.swift; sourceTree = "<group>"; };
		705688351F1E170B000FD7B1 /* ViewController.swift */ = {isa = PBXFileReference; fileEncoding = 4; lastKnownFileType = sourcecode.swift; name = ViewController.swift; path = ../ViewController.swift; sourceTree = "<group>"; };
		70FC955F1F20D0F400BE5474 /* HistoryViewController.swift */ = {isa = PBXFileReference; fileEncoding = 4; lastKnownFileType = sourcecode.swift; name = HistoryViewController.swift; path = ../HistoryViewController.swift; sourceTree = "<group>"; };
		70FC95611F20D13600BE5474 /* MostViewController.swift */ = {isa = PBXFileReference; fileEncoding = 4; lastKnownFileType = sourcecode.swift; name = MostViewController.swift; path = ../MostViewController.swift; sourceTree = "<group>"; };
		70FC95631F20D18100BE5474 /* HistoryTableViewCell.swift */ = {isa = PBXFileReference; fileEncoding = 4; lastKnownFileType = sourcecode.swift; name = HistoryTableViewCell.swift; path = ../HistoryTableViewCell.swift; sourceTree = "<group>"; };
		70FC95651F20D1B900BE5474 /* MostTableViewCell.swift */ = {isa = PBXFileReference; fileEncoding = 4; lastKnownFileType = sourcecode.swift; name = MostTableViewCell.swift; path = ../MostTableViewCell.swift; sourceTree = "<group>"; };
/* End PBXFileReference section */

/* Begin PBXFrameworksBuildPhase section */
		7056881B1F1E1060000FD7B1 /* Frameworks */ = {
			isa = PBXFrameworksBuildPhase;
			buildActionMask = 2147483647;
			files = (
			);
			runOnlyForDeploymentPostprocessing = 0;
		};
/* End PBXFrameworksBuildPhase section */

/* Begin PBXGroup section */
		705688151F1E1060000FD7B1 = {
			isa = PBXGroup;
			children = (
				705688201F1E1060000FD7B1 /* NewsApp */,
				7056881F1F1E1060000FD7B1 /* Products */,
			);
			sourceTree = "<group>";
		};
		7056881F1F1E1060000FD7B1 /* Products */ = {
			isa = PBXGroup;
			children = (
				7056881E1F1E1060000FD7B1 /* NewsApp.app */,
			);
			name = Products;
			sourceTree = "<group>";
		};
		705688201F1E1060000FD7B1 /* NewsApp */ = {
			isa = PBXGroup;
			children = (
				705688211F1E1060000FD7B1 /* AppDelegate.swift */,
				705688371F1E1753000FD7B1 /* Controller */,
				705688391F1E17E4000FD7B1 /* view */,
				705688281F1E1060000FD7B1 /* Assets.xcassets */,
				7056882D1F1E1060000FD7B1 /* Info.plist */,
			);
			path = NewsApp;
			sourceTree = "<group>";
		};
		705688371F1E1753000FD7B1 /* Controller */ = {
			isa = PBXGroup;
			children = (
				70FC95611F20D13600BE5474 /* MostViewController.swift */,
				70FC955F1F20D0F400BE5474 /* HistoryViewController.swift */,
				705688351F1E170B000FD7B1 /* ViewController.swift */,
				705688381F1E17AF000FD7B1 /* Cells */,
			);
			name = Controller;
			sourceTree = "<group>";
		};
		705688381F1E17AF000FD7B1 /* Cells */ = {
			isa = PBXGroup;
			children = (
				70FC95631F20D18100BE5474 /* HistoryTableViewCell.swift */,
				705688331F1E16CC000FD7B1 /* TableViewCell.swift */,
				70FC95651F20D1B900BE5474 /* MostTableViewCell.swift */,
			);
			name = Cells;
			sourceTree = "<group>";
		};
		705688391F1E17E4000FD7B1 /* view */ = {
			isa = PBXGroup;
			children = (
				705688251F1E1060000FD7B1 /* Main.storyboard */,
				7056882A1F1E1060000FD7B1 /* LaunchScreen.storyboard */,
			);
			name = view;
			sourceTree = "<group>";
		};
/* End PBXGroup section */

/* Begin PBXNativeTarget section */
		7056881D1F1E1060000FD7B1 /* NewsApp */ = {
			isa = PBXNativeTarget;
			buildConfigurationList = 705688301F1E1060000FD7B1 /* Build configuration list for PBXNativeTarget "NewsApp" */;
			buildPhases = (
				7056881A1F1E1060000FD7B1 /* Sources */,
				7056881B1F1E1060000FD7B1 /* Frameworks */,
				7056881C1F1E1060000FD7B1 /* Resources */,
			);
			buildRules = (
			);
			dependencies = (
			);
			name = NewsApp;
			productName = NewsApp;
			productReference = 7056881E1F1E1060000FD7B1 /* NewsApp.app */;
			productType = "com.apple.product-type.application";
		};
/* End PBXNativeTarget section */

/* Begin PBXProject section */
		705688161F1E1060000FD7B1 /* Project object */ = {
			isa = PBXProject;
			attributes = {
				LastSwiftUpdateCheck = 0830;
				LastUpgradeCheck = 0830;
				ORGANIZATIONNAME = "tornike dalaqishvili";
				TargetAttributes = {
					7056881D1F1E1060000FD7B1 = {
						CreatedOnToolsVersion = 8.3.3;
						ProvisioningStyle = Automatic;
					};
				};
			};
			buildConfigurationList = 705688191F1E1060000FD7B1 /* Build configuration list for PBXProject "NewsApp" */;
			compatibilityVersion = "Xcode 3.2";
			developmentRegion = English;
			hasScannedForEncodings = 0;
			knownRegions = (
				en,
				Base,
			);
			mainGroup = 705688151F1E1060000FD7B1;
			productRefGroup = 7056881F1F1E1060000FD7B1 /* Products */;
			projectDirPath = "";
			projectRoot = "";
			targets = (
				7056881D1F1E1060000FD7B1 /* NewsApp */,
			);
		};
/* End PBXProject section */

/* Begin PBXResourcesBuildPhase section */
		7056881C1F1E1060000FD7B1 /* Resources */ = {
			isa = PBXResourcesBuildPhase;
			buildActionMask = 2147483647;
			files = (
				7056882C1F1E1060000FD7B1 /* LaunchScreen.storyboard in Resources */,
				705688291F1E1060000FD7B1 /* Assets.xcassets in Resources */,
				705688271F1E1060000FD7B1 /* Main.storyboard in Resources */,
			);
			runOnlyForDeploymentPostprocessing = 0;
		};
/* End PBXResourcesBuildPhase section */

/* Begin PBXSourcesBuildPhase section */
		7056881A1F1E1060000FD7B1 /* Sources */ = {
			isa = PBXSourcesBuildPhase;
			buildActionMask = 2147483647;
			files = (
				70FC95661F20D1B900BE5474 /* MostTableViewCell.swift in Sources */,
				70FC95641F20D18100BE5474 /* HistoryTableViewCell.swift in Sources */,
				705688361F1E170B000FD7B1 /* ViewController.swift in Sources */,
				705688221F1E1060000FD7B1 /* AppDelegate.swift in Sources */,
				70FC95621F20D13600BE5474 /* MostViewController.swift in Sources */,
				705688341F1E16CC000FD7B1 /* TableViewCell.swift in Sources */,
				70FC95601F20D0F400BE5474 /* HistoryViewController.swift in Sources */,
			);
			runOnlyForDeploymentPostprocessing = 0;
		};
/* End PBXSourcesBuildPhase section */

/* Begin PBXVariantGroup section */
		705688251F1E1060000FD7B1 /* Main.storyboard */ = {
			isa = PBXVariantGroup;
			children = (
				705688261F1E1060000FD7B1 /* Base */,
			);
			name = Main.storyboard;
			sourceTree = "<group>";
		};
		7056882A1F1E1060000FD7B1 /* LaunchScreen.storyboard */ = {
			isa = PBXVariantGroup;
			children = (
				7056882B1F1E1060000FD7B1 /* Base */,
			);
			name = LaunchScreen.storyboard;
			sourceTree = "<group>";
		};
/* End PBXVariantGroup section */

/* Begin XCBuildConfiguration section */
		7056882E1F1E1060000FD7B1 /* Debug */ = {
			isa = XCBuildConfiguration;
			buildSettings = {
				ALWAYS_SEARCH_USER_PATHS = NO;
				CLANG_ANALYZER_NONNULL = YES;
				CLANG_ANALYZER_NUMBER_OBJECT_CONVERSION = YES_AGGRESSIVE;
				CLANG_CXX_LANGUAGE_STANDARD = "gnu++0x";
				CLANG_CXX_LIBRARY = "libc++";
				CLANG_ENABLE_MODULES = YES;
				CLANG_ENABLE_OBJC_ARC = YES;
				CLANG_WARN_BOOL_CONVERSION = YES;
				CLANG_WARN_CONSTANT_CONVERSION = YES;
				CLANG_WARN_DIRECT_OBJC_ISA_USAGE = YES_ERROR;
				CLANG_WARN_DOCUMENTATION_COMMENTS = YES;
				CLANG_WARN_EMPTY_BODY = YES;
				CLANG_WARN_ENUM_CONVERSION = YES;
				CLANG_WARN_INFINITE_RECURSION = YES;
				CLANG_WARN_INT_CONVERSION = YES;
				CLANG_WARN_OBJC_ROOT_CLASS = YES_ERROR;
				CLANG_WARN_SUSPICIOUS_MOVE = YES;
				CLANG_WARN_UNREACHABLE_CODE = YES;
				CLANG_WARN__DUPLICATE_METHOD_MATCH = YES;
				"CODE_SIGN_IDENTITY[sdk=iphoneos*]" = "iPhone Developer";
				COPY_PHASE_STRIP = NO;
				DEBUG_INFORMATION_FORMAT = dwarf;
				ENABLE_STRICT_OBJC_MSGSEND = YES;
				ENABLE_TESTABILITY = YES;
				GCC_C_LANGUAGE_STANDARD = gnu99;
				GCC_DYNAMIC_NO_PIC = NO;
				GCC_NO_COMMON_BLOCKS = YES;
				GCC_OPTIMIZATION_LEVEL = 0;
				GCC_PREPROCESSOR_DEFINITIONS = (
					"DEBUG=1",
					"$(inherited)",
				);
				GCC_WARN_64_TO_32_BIT_CONVERSION = YES;
				GCC_WARN_ABOUT_RETURN_TYPE = YES_ERROR;
				GCC_WARN_UNDECLARED_SELECTOR = YES;
				GCC_WARN_UNINITIALIZED_AUTOS = YES_AGGRESSIVE;
				GCC_WARN_UNUSED_FUNCTION = YES;
				GCC_WARN_UNUSED_VARIABLE = YES;
				IPHONEOS_DEPLOYMENT_TARGET = 10.3;
				MTL_ENABLE_DEBUG_INFO = YES;
				ONLY_ACTIVE_ARCH = YES;
				SDKROOT = iphoneos;
				SWIFT_ACTIVE_COMPILATION_CONDITIONS = DEBUG;
				SWIFT_OPTIMIZATION_LEVEL = "-Onone";
				TARGETED_DEVICE_FAMILY = "1,2";
			};
			name = Debug;
		};
		7056882F1F1E1060000FD7B1 /* Release */ = {
			isa = XCBuildConfiguration;
			buildSettings = {
				ALWAYS_SEARCH_USER_PATHS = NO;
				CLANG_ANALYZER_NONNULL = YES;
				CLANG_ANALYZER_NUMBER_OBJECT_CONVERSION = YES_AGGRESSIVE;
				CLANG_CXX_LANGUAGE_STANDARD = "gnu++0x";
				CLANG_CXX_LIBRARY = "libc++";
				CLANG_ENABLE_MODULES = YES;
				CLANG_ENABLE_OBJC_ARC = YES;
				CLANG_WARN_BOOL_CONVERSION = YES;
				CLANG_WARN_CONSTANT_CONVERSION = YES;
				CLANG_WARN_DIRECT_OBJC_ISA_USAGE = YES_ERROR;
				CLANG_WARN_DOCUMENTATION_COMMENTS = YES;
				CLANG_WARN_EMPTY_BODY = YES;
				CLANG_WARN_ENUM_CONVERSION = YES;
				CLANG_WARN_INFINITE_RECURSION = YES;
				CLANG_WARN_INT_CONVERSION = YES;
				CLANG_WARN_OBJC_ROOT_CLASS = YES_ERROR;
				CLANG_WARN_SUSPICIOUS_MOVE = YES;
				CLANG_WARN_UNREACHABLE_CODE = YES;
				CLANG_WARN__DUPLICATE_METHOD_MATCH = YES;
				"CODE_SIGN_IDENTITY[sdk=iphoneos*]" = "iPhone Developer";
				COPY_PHASE_STRIP = NO;
				DEBUG_INFORMATION_FORMAT = "dwarf-with-dsym";
				ENABLE_NS_ASSERTIONS = NO;
				ENABLE_STRICT_OBJC_MSGSEND = YES;
				GCC_C_LANGUAGE_STANDARD = gnu99;
				GCC_NO_COMMON_BLOCKS = YES;
				GCC_WARN_64_TO_32_BIT_CONVERSION = YES;
				GCC_WARN_ABOUT_RETURN_TYPE = YES_ERROR;
				GCC_WARN_UNDECLARED_SELECTOR = YES;
				GCC_WARN_UNINITIALIZED_AUTOS = YES_AGGRESSIVE;
				GCC_WARN_UNUSED_FUNCTION = YES;
				GCC_WARN_UNUSED_VARIABLE = YES;
				IPHONEOS_DEPLOYMENT_TARGET = 10.3;
				MTL_ENABLE_DEBUG_INFO = NO;
				SDKROOT = iphoneos;
				SWIFT_OPTIMIZATION_LEVEL = "-Owholemodule";
				TARGETED_DEVICE_FAMILY = "1,2";
				VALIDATE_PRODUCT = YES;
			};
			name = Release;
		};
		705688311F1E1060000FD7B1 /* Debug */ = {
			isa = XCBuildConfiguration;
			buildSettings = {
				ASSETCATALOG_COMPILER_APPICON_NAME = AppIcon;
				INFOPLIST_FILE = NewsApp/Info.plist;
				LD_RUNPATH_SEARCH_PATHS = "$(inherited) @executable_path/Frameworks";
				PRODUCT_BUNDLE_IDENTIFIER = com.dalakishvili.NewsApp;
				PRODUCT_NAME = "$(TARGET_NAME)";
				SWIFT_VERSION = 3.0;
			};
			name = Debug;
		};
		705688321F1E1060000FD7B1 /* Release */ = {
			isa = XCBuildConfiguration;
			buildSettings = {
				ASSETCATALOG_COMPILER_APPICON_NAME = AppIcon;
				INFOPLIST_FILE = NewsApp/Info.plist;
				LD_RUNPATH_SEARCH_PATHS = "$(inherited) @executable_path/Frameworks";
				PRODUCT_BUNDLE_IDENTIFIER = com.dalakishvili.NewsApp;
				PRODUCT_NAME = "$(TARGET_NAME)";
				SWIFT_VERSION = 3.0;
			};
			name = Release;
		};
/* End XCBuildConfiguration section */

/* Begin XCConfigurationList section */
		705688191F1E1060000FD7B1 /* Build configuration list for PBXProject "NewsApp" */ = {
			isa = XCConfigurationList;
			buildConfigurations = (
				7056882E1F1E1060000FD7B1 /* Debug */,
				7056882F1F1E1060000FD7B1 /* Release */,
			);
			defaultConfigurationIsVisible = 0;
			defaultConfigurationName = Release;
		};
		705688301F1E1060000FD7B1 /* Build configuration list for PBXNativeTarget "NewsApp" */ = {
			isa = XCConfigurationList;
			buildConfigurations = (
				705688311F1E1060000FD7B1 /* Debug */,
				705688321F1E1060000FD7B1 /* Release */,
			);
			defaultConfigurationIsVisible = 0;
			defaultConfigurationName = Release;
		};
/* End XCConfigurationList section */
	};
	rootObject = 705688161F1E1060000FD7B1 /* Project object */;
}
